// !$*UTF8*$!
{
	archiveVersion = 1;
	classes = {
	};
	objectVersion = 46;
	objects = {

/* Begin PBXBuildFile section */
		04F1636AB134F74153715912 /* Pods_MultiSelectTestProjTests.framework in Frameworks */ = {isa = PBXBuildFile; fileRef = 1AFD95B1B872231A52419571 /* Pods_MultiSelectTestProjTests.framework */; };
		55007CA61EB1648F00E9094A /* MultiSelectHeaderDataSource.swift in Sources */ = {isa = PBXBuildFile; fileRef = 55007CA51EB1648F00E9094A /* MultiSelectHeaderDataSource.swift */; };
		55007CAA1EB27E0600E9094A /* MultiSelectHeaderDataSourceTests.swift in Sources */ = {isa = PBXBuildFile; fileRef = 55007CA91EB27E0600E9094A /* MultiSelectHeaderDataSourceTests.swift */; };
		55152F101EB14AC6008DC2EB /* AppDelegate.swift in Sources */ = {isa = PBXBuildFile; fileRef = 55152F0F1EB14AC6008DC2EB /* AppDelegate.swift */; };
		55152F171EB14AC6008DC2EB /* Assets.xcassets in Resources */ = {isa = PBXBuildFile; fileRef = 55152F161EB14AC6008DC2EB /* Assets.xcassets */; };
		55152F1A1EB14AC6008DC2EB /* LaunchScreen.storyboard in Resources */ = {isa = PBXBuildFile; fileRef = 55152F181EB14AC6008DC2EB /* LaunchScreen.storyboard */; };
		55152F251EB14AC6008DC2EB /* MultiSelectHeaderCollectionViewControllerTests.swift in Sources */ = {isa = PBXBuildFile; fileRef = 55152F241EB14AC6008DC2EB /* MultiSelectHeaderCollectionViewControllerTests.swift */; };
		55152F331EB14AF8008DC2EB /* Main.storyboard in Resources */ = {isa = PBXBuildFile; fileRef = 55152F2F1EB14AF8008DC2EB /* Main.storyboard */; };
		55152F341EB14AF8008DC2EB /* MultiSelectViewController.swift in Sources */ = {isa = PBXBuildFile; fileRef = 55152F301EB14AF8008DC2EB /* MultiSelectViewController.swift */; };
		55152F351EB14AF8008DC2EB /* MultiSelectCollectionViewCell.swift in Sources */ = {isa = PBXBuildFile; fileRef = 55152F311EB14AF8008DC2EB /* MultiSelectCollectionViewCell.swift */; };
		55152F361EB14AF8008DC2EB /* MultiSelectHeaderCollectionViewController.swift in Sources */ = {isa = PBXBuildFile; fileRef = 55152F321EB14AF8008DC2EB /* MultiSelectHeaderCollectionViewController.swift */; };
		5520F9431EC0FC110019DA50 /* MultiSelectTableViewControllerTests.swift in Sources */ = {isa = PBXBuildFile; fileRef = 5520F9421EC0FC110019DA50 /* MultiSelectTableViewControllerTests.swift */; };
		5520F9451EC0FC380019DA50 /* MultiSelectTableViewDataSourceTests.swift in Sources */ = {isa = PBXBuildFile; fileRef = 5520F9441EC0FC380019DA50 /* MultiSelectTableViewDataSourceTests.swift */; };
		552122781EC0E8640026861D /* MultiSelectSyncronizerTests.swift in Sources */ = {isa = PBXBuildFile; fileRef = 552122771EC0E8640026861D /* MultiSelectSyncronizerTests.swift */; };
		5521227C1EC0F37F0026861D /* MultiSelectTableViewController.swift in Sources */ = {isa = PBXBuildFile; fileRef = 5521227B1EC0F37F0026861D /* MultiSelectTableViewController.swift */; };
		5521227E1EC0F3A90026861D /* MultiSelectTableViewDataSource.swift in Sources */ = {isa = PBXBuildFile; fileRef = 5521227D1EC0F3A90026861D /* MultiSelectTableViewDataSource.swift */; };
		C36628A38E2085E2D7236E85 /* Pods_MultiSelectTestProj.framework in Frameworks */ = {isa = PBXBuildFile; fileRef = 9C2B129B2DA00755C4F257DA /* Pods_MultiSelectTestProj.framework */; };
/* End PBXBuildFile section */

/* Begin PBXContainerItemProxy section */
		55152F211EB14AC6008DC2EB /* PBXContainerItemProxy */ = {
			isa = PBXContainerItemProxy;
			containerPortal = 55152F041EB14AC6008DC2EB /* Project object */;
			proxyType = 1;
			remoteGlobalIDString = 55152F0B1EB14AC6008DC2EB;
			remoteInfo = MultiSelectTestProj;
		};
/* End PBXContainerItemProxy section */

/* Begin PBXFileReference section */
		0DC6FB494BEBAC74B667FFE0 /* Pods-MultiSelectTestProj.release.xcconfig */ = {isa = PBXFileReference; includeInIndex = 1; lastKnownFileType = text.xcconfig; name = "Pods-MultiSelectTestProj.release.xcconfig"; path = "Pods/Target Support Files/Pods-MultiSelectTestProj/Pods-MultiSelectTestProj.release.xcconfig"; sourceTree = "<group>"; };
		1AFD95B1B872231A52419571 /* Pods_MultiSelectTestProjTests.framework */ = {isa = PBXFileReference; explicitFileType = wrapper.framework; includeInIndex = 0; path = Pods_MultiSelectTestProjTests.framework; sourceTree = BUILT_PRODUCTS_DIR; };
		1FB6D27786F127FE20E5D02D /* Pods-MultiSelectTestProjTests.release.xcconfig */ = {isa = PBXFileReference; includeInIndex = 1; lastKnownFileType = text.xcconfig; name = "Pods-MultiSelectTestProjTests.release.xcconfig"; path = "Pods/Target Support Files/Pods-MultiSelectTestProjTests/Pods-MultiSelectTestProjTests.release.xcconfig"; sourceTree = "<group>"; };
		55007CA51EB1648F00E9094A /* MultiSelectHeaderDataSource.swift */ = {isa = PBXFileReference; fileEncoding = 4; lastKnownFileType = sourcecode.swift; path = MultiSelectHeaderDataSource.swift; sourceTree = "<group>"; };
		55007CA91EB27E0600E9094A /* MultiSelectHeaderDataSourceTests.swift */ = {isa = PBXFileReference; fileEncoding = 4; lastKnownFileType = sourcecode.swift; path = MultiSelectHeaderDataSourceTests.swift; sourceTree = "<group>"; };
		55152F0C1EB14AC6008DC2EB /* MultiSelectTestProj.app */ = {isa = PBXFileReference; explicitFileType = wrapper.application; includeInIndex = 0; path = MultiSelectTestProj.app; sourceTree = BUILT_PRODUCTS_DIR; };
		55152F0F1EB14AC6008DC2EB /* AppDelegate.swift */ = {isa = PBXFileReference; lastKnownFileType = sourcecode.swift; path = AppDelegate.swift; sourceTree = "<group>"; };
		55152F161EB14AC6008DC2EB /* Assets.xcassets */ = {isa = PBXFileReference; lastKnownFileType = folder.assetcatalog; path = Assets.xcassets; sourceTree = "<group>"; };
		55152F191EB14AC6008DC2EB /* Base */ = {isa = PBXFileReference; lastKnownFileType = file.storyboard; name = Base; path = Base.lproj/LaunchScreen.storyboard; sourceTree = "<group>"; };
		55152F1B1EB14AC6008DC2EB /* Info.plist */ = {isa = PBXFileReference; lastKnownFileType = text.plist.xml; path = Info.plist; sourceTree = "<group>"; };
		55152F201EB14AC6008DC2EB /* MultiSelectTestProjTests.xctest */ = {isa = PBXFileReference; explicitFileType = wrapper.cfbundle; includeInIndex = 0; path = MultiSelectTestProjTests.xctest; sourceTree = BUILT_PRODUCTS_DIR; };
		55152F241EB14AC6008DC2EB /* MultiSelectHeaderCollectionViewControllerTests.swift */ = {isa = PBXFileReference; lastKnownFileType = sourcecode.swift; path = MultiSelectHeaderCollectionViewControllerTests.swift; sourceTree = "<group>"; };
		55152F261EB14AC6008DC2EB /* Info.plist */ = {isa = PBXFileReference; lastKnownFileType = text.plist.xml; path = Info.plist; sourceTree = "<group>"; };
		55152F2F1EB14AF8008DC2EB /* Main.storyboard */ = {isa = PBXFileReference; fileEncoding = 4; lastKnownFileType = file.storyboard; path = Main.storyboard; sourceTree = "<group>"; };
		55152F301EB14AF8008DC2EB /* MultiSelectViewController.swift */ = {isa = PBXFileReference; fileEncoding = 4; lastKnownFileType = sourcecode.swift; path = MultiSelectViewController.swift; sourceTree = "<group>"; };
		55152F311EB14AF8008DC2EB /* MultiSelectCollectionViewCell.swift */ = {isa = PBXFileReference; fileEncoding = 4; lastKnownFileType = sourcecode.swift; path = MultiSelectCollectionViewCell.swift; sourceTree = "<group>"; };
		55152F321EB14AF8008DC2EB /* MultiSelectHeaderCollectionViewController.swift */ = {isa = PBXFileReference; fileEncoding = 4; lastKnownFileType = sourcecode.swift; path = MultiSelectHeaderCollectionViewController.swift; sourceTree = "<group>"; };
		5520F9421EC0FC110019DA50 /* MultiSelectTableViewControllerTests.swift */ = {isa = PBXFileReference; fileEncoding = 4; lastKnownFileType = sourcecode.swift; path = MultiSelectTableViewControllerTests.swift; sourceTree = "<group>"; };
		5520F9441EC0FC380019DA50 /* MultiSelectTableViewDataSourceTests.swift */ = {isa = PBXFileReference; fileEncoding = 4; lastKnownFileType = sourcecode.swift; path = MultiSelectTableViewDataSourceTests.swift; sourceTree = "<group>"; };
		552122771EC0E8640026861D /* MultiSelectSyncronizerTests.swift */ = {isa = PBXFileReference; fileEncoding = 4; lastKnownFileType = sourcecode.swift; path = MultiSelectSyncronizerTests.swift; sourceTree = "<group>"; };
		5521227B1EC0F37F0026861D /* MultiSelectTableViewController.swift */ = {isa = PBXFileReference; fileEncoding = 4; lastKnownFileType = sourcecode.swift; path = MultiSelectTableViewController.swift; sourceTree = "<group>"; };
		5521227D1EC0F3A90026861D /* MultiSelectTableViewDataSource.swift */ = {isa = PBXFileReference; fileEncoding = 4; lastKnownFileType = sourcecode.swift; path = MultiSelectTableViewDataSource.swift; sourceTree = "<group>"; };
		9C2B129B2DA00755C4F257DA /* Pods_MultiSelectTestProj.framework */ = {isa = PBXFileReference; explicitFileType = wrapper.framework; includeInIndex = 0; path = Pods_MultiSelectTestProj.framework; sourceTree = BUILT_PRODUCTS_DIR; };
		AD579C8F9AB3784FAFBC64BB /* Pods-MultiSelectTestProjTests.debug.xcconfig */ = {isa = PBXFileReference; includeInIndex = 1; lastKnownFileType = text.xcconfig; name = "Pods-MultiSelectTestProjTests.debug.xcconfig"; path = "Pods/Target Support Files/Pods-MultiSelectTestProjTests/Pods-MultiSelectTestProjTests.debug.xcconfig"; sourceTree = "<group>"; };
		D39BCCAC77A33A477CF9B348 /* Pods-MultiSelectTestProj.debug.xcconfig */ = {isa = PBXFileReference; includeInIndex = 1; lastKnownFileType = text.xcconfig; name = "Pods-MultiSelectTestProj.debug.xcconfig"; path = "Pods/Target Support Files/Pods-MultiSelectTestProj/Pods-MultiSelectTestProj.debug.xcconfig"; sourceTree = "<group>"; };
/* End PBXFileReference section */

/* Begin PBXFrameworksBuildPhase section */
		55152F091EB14AC6008DC2EB /* Frameworks */ = {
			isa = PBXFrameworksBuildPhase;
			buildActionMask = 2147483647;
			files = (
				C36628A38E2085E2D7236E85 /* Pods_MultiSelectTestProj.framework in Frameworks */,
			);
			runOnlyForDeploymentPostprocessing = 0;
		};
		55152F1D1EB14AC6008DC2EB /* Frameworks */ = {
			isa = PBXFrameworksBuildPhase;
			buildActionMask = 2147483647;
			files = (
				04F1636AB134F74153715912 /* Pods_MultiSelectTestProjTests.framework in Frameworks */,
			);
			runOnlyForDeploymentPostprocessing = 0;
		};
/* End PBXFrameworksBuildPhase section */

/* Begin PBXGroup section */
		16F338B18B6F43CE95E9CA80 /* Pods */ = {
			isa = PBXGroup;
			children = (
				D39BCCAC77A33A477CF9B348 /* Pods-MultiSelectTestProj.debug.xcconfig */,
				0DC6FB494BEBAC74B667FFE0 /* Pods-MultiSelectTestProj.release.xcconfig */,
				AD579C8F9AB3784FAFBC64BB /* Pods-MultiSelectTestProjTests.debug.xcconfig */,
				1FB6D27786F127FE20E5D02D /* Pods-MultiSelectTestProjTests.release.xcconfig */,
			);
			name = Pods;
			sourceTree = "<group>";
		};
		55152F031EB14AC6008DC2EB = {
			isa = PBXGroup;
			children = (
				55152F0E1EB14AC6008DC2EB /* MultiSelectTestProj */,
				55152F231EB14AC6008DC2EB /* MultiSelectTestProjTests */,
				55152F0D1EB14AC6008DC2EB /* Products */,
				16F338B18B6F43CE95E9CA80 /* Pods */,
				F4196EADBCA76BA3FDF22706 /* Frameworks */,
			);
			sourceTree = "<group>";
		};
		55152F0D1EB14AC6008DC2EB /* Products */ = {
			isa = PBXGroup;
			children = (
				55152F0C1EB14AC6008DC2EB /* MultiSelectTestProj.app */,
				55152F201EB14AC6008DC2EB /* MultiSelectTestProjTests.xctest */,
			);
			name = Products;
			sourceTree = "<group>";
		};
		55152F0E1EB14AC6008DC2EB /* MultiSelectTestProj */ = {
			isa = PBXGroup;
			children = (
				55152F0F1EB14AC6008DC2EB /* AppDelegate.swift */,
				55152F2F1EB14AF8008DC2EB /* Main.storyboard */,
				55152F301EB14AF8008DC2EB /* MultiSelectViewController.swift */,
				55152F311EB14AF8008DC2EB /* MultiSelectCollectionViewCell.swift */,
				55152F321EB14AF8008DC2EB /* MultiSelectHeaderCollectionViewController.swift */,
				55007CA51EB1648F00E9094A /* MultiSelectHeaderDataSource.swift */,
				5521227B1EC0F37F0026861D /* MultiSelectTableViewController.swift */,
				5521227D1EC0F3A90026861D /* MultiSelectTableViewDataSource.swift */,
				55152F161EB14AC6008DC2EB /* Assets.xcassets */,
				55152F181EB14AC6008DC2EB /* LaunchScreen.storyboard */,
				55152F1B1EB14AC6008DC2EB /* Info.plist */,
			);
			path = MultiSelectTestProj;
			sourceTree = "<group>";
		};
		55152F231EB14AC6008DC2EB /* MultiSelectTestProjTests */ = {
			isa = PBXGroup;
			children = (
				55152F241EB14AC6008DC2EB /* MultiSelectHeaderCollectionViewControllerTests.swift */,
				55007CA91EB27E0600E9094A /* MultiSelectHeaderDataSourceTests.swift */,
				552122771EC0E8640026861D /* MultiSelectSyncronizerTests.swift */,
				5520F9421EC0FC110019DA50 /* MultiSelectTableViewControllerTests.swift */,
				5520F9441EC0FC380019DA50 /* MultiSelectTableViewDataSourceTests.swift */,
				55152F261EB14AC6008DC2EB /* Info.plist */,
			);
			path = MultiSelectTestProjTests;
			sourceTree = "<group>";
		};
		F4196EADBCA76BA3FDF22706 /* Frameworks */ = {
			isa = PBXGroup;
			children = (
				9C2B129B2DA00755C4F257DA /* Pods_MultiSelectTestProj.framework */,
				1AFD95B1B872231A52419571 /* Pods_MultiSelectTestProjTests.framework */,
			);
			name = Frameworks;
			sourceTree = "<group>";
		};
/* End PBXGroup section */

/* Begin PBXNativeTarget section */
		55152F0B1EB14AC6008DC2EB /* MultiSelectTestProj */ = {
			isa = PBXNativeTarget;
			buildConfigurationList = 55152F291EB14AC6008DC2EB /* Build configuration list for PBXNativeTarget "MultiSelectTestProj" */;
			buildPhases = (
				95FFB26874ED6A744B721700 /* [CP] Check Pods Manifest.lock */,
				55152F081EB14AC6008DC2EB /* Sources */,
				55152F091EB14AC6008DC2EB /* Frameworks */,
				55152F0A1EB14AC6008DC2EB /* Resources */,
				9632DBCE8A35A08DDE0F2A3A /* [CP] Embed Pods Frameworks */,
				16AD5EE73EFDA37B97A2C8AA /* [CP] Copy Pods Resources */,
			);
			buildRules = (
			);
			dependencies = (
			);
			name = MultiSelectTestProj;
			productName = MultiSelectTestProj;
			productReference = 55152F0C1EB14AC6008DC2EB /* MultiSelectTestProj.app */;
			productType = "com.apple.product-type.application";
		};
		55152F1F1EB14AC6008DC2EB /* MultiSelectTestProjTests */ = {
			isa = PBXNativeTarget;
			buildConfigurationList = 55152F2C1EB14AC6008DC2EB /* Build configuration list for PBXNativeTarget "MultiSelectTestProjTests" */;
			buildPhases = (
				9A232047B252EA32CCEB4E59 /* [CP] Check Pods Manifest.lock */,
				55152F1C1EB14AC6008DC2EB /* Sources */,
				55152F1D1EB14AC6008DC2EB /* Frameworks */,
				55152F1E1EB14AC6008DC2EB /* Resources */,
				5065F32B1E51A0CD143DA68F /* [CP] Embed Pods Frameworks */,
				0955C40ECAF04682AFE32A2E /* [CP] Copy Pods Resources */,
			);
			buildRules = (
			);
			dependencies = (
				55152F221EB14AC6008DC2EB /* PBXTargetDependency */,
			);
			name = MultiSelectTestProjTests;
			productName = MultiSelectTestProjTests;
			productReference = 55152F201EB14AC6008DC2EB /* MultiSelectTestProjTests.xctest */;
			productType = "com.apple.product-type.bundle.unit-test";
		};
/* End PBXNativeTarget section */

/* Begin PBXProject section */
		55152F041EB14AC6008DC2EB /* Project object */ = {
			isa = PBXProject;
			attributes = {
				LastSwiftUpdateCheck = 0830;
				LastUpgradeCheck = 0830;
				ORGANIZATIONNAME = DrBill;
				TargetAttributes = {
					55152F0B1EB14AC6008DC2EB = {
						CreatedOnToolsVersion = 8.3;
						DevelopmentTeam = TLMKWQ9Y35;
						ProvisioningStyle = Automatic;
					};
					55152F1F1EB14AC6008DC2EB = {
						CreatedOnToolsVersion = 8.3;
						DevelopmentTeam = TLMKWQ9Y35;
						ProvisioningStyle = Automatic;
						TestTargetID = 55152F0B1EB14AC6008DC2EB;
					};
				};
			};
			buildConfigurationList = 55152F071EB14AC6008DC2EB /* Build configuration list for PBXProject "MultiSelectTestProj" */;
			compatibilityVersion = "Xcode 3.2";
			developmentRegion = English;
			hasScannedForEncodings = 0;
			knownRegions = (
				en,
				Base,
			);
			mainGroup = 55152F031EB14AC6008DC2EB;
			productRefGroup = 55152F0D1EB14AC6008DC2EB /* Products */;
			projectDirPath = "";
			projectRoot = "";
			targets = (
				55152F0B1EB14AC6008DC2EB /* MultiSelectTestProj */,
				55152F1F1EB14AC6008DC2EB /* MultiSelectTestProjTests */,
			);
		};
/* End PBXProject section */

/* Begin PBXResourcesBuildPhase section */
		55152F0A1EB14AC6008DC2EB /* Resources */ = {
			isa = PBXResourcesBuildPhase;
			buildActionMask = 2147483647;
			files = (
				55152F331EB14AF8008DC2EB /* Main.storyboard in Resources */,
				55152F1A1EB14AC6008DC2EB /* LaunchScreen.storyboard in Resources */,
				55152F171EB14AC6008DC2EB /* Assets.xcassets in Resources */,
			);
			runOnlyForDeploymentPostprocessing = 0;
		};
		55152F1E1EB14AC6008DC2EB /* Resources */ = {
			isa = PBXResourcesBuildPhase;
			buildActionMask = 2147483647;
			files = (
			);
			runOnlyForDeploymentPostprocessing = 0;
		};
/* End PBXResourcesBuildPhase section */

/* Begin PBXShellScriptBuildPhase section */
		0955C40ECAF04682AFE32A2E /* [CP] Copy Pods Resources */ = {
			isa = PBXShellScriptBuildPhase;
			buildActionMask = 2147483647;
			files = (
			);
			inputPaths = (
			);
			name = "[CP] Copy Pods Resources";
			outputPaths = (
			);
			runOnlyForDeploymentPostprocessing = 0;
			shellPath = /bin/sh;
			shellScript = "\"${SRCROOT}/Pods/Target Support Files/Pods-MultiSelectTestProjTests/Pods-MultiSelectTestProjTests-resources.sh\"\n";
			showEnvVarsInLog = 0;
		};
		16AD5EE73EFDA37B97A2C8AA /* [CP] Copy Pods Resources */ = {
			isa = PBXShellScriptBuildPhase;
			buildActionMask = 2147483647;
			files = (
			);
			inputPaths = (
			);
			name = "[CP] Copy Pods Resources";
			outputPaths = (
			);
			runOnlyForDeploymentPostprocessing = 0;
			shellPath = /bin/sh;
			shellScript = "\"${SRCROOT}/Pods/Target Support Files/Pods-MultiSelectTestProj/Pods-MultiSelectTestProj-resources.sh\"\n";
			showEnvVarsInLog = 0;
		};
		5065F32B1E51A0CD143DA68F /* [CP] Embed Pods Frameworks */ = {
			isa = PBXShellScriptBuildPhase;
			buildActionMask = 2147483647;
			files = (
			);
			inputPaths = (
			);
			name = "[CP] Embed Pods Frameworks";
			outputPaths = (
			);
			runOnlyForDeploymentPostprocessing = 0;
			shellPath = /bin/sh;
			shellScript = "\"${SRCROOT}/Pods/Target Support Files/Pods-MultiSelectTestProjTests/Pods-MultiSelectTestProjTests-frameworks.sh\"\n";
			showEnvVarsInLog = 0;
		};
		95FFB26874ED6A744B721700 /* [CP] Check Pods Manifest.lock */ = {
			isa = PBXShellScriptBuildPhase;
			buildActionMask = 2147483647;
			files = (
			);
			inputPaths = (
			);
			name = "[CP] Check Pods Manifest.lock";
			outputPaths = (
			);
			runOnlyForDeploymentPostprocessing = 0;
			shellPath = /bin/sh;
			shellScript = "diff \"${PODS_ROOT}/../Podfile.lock\" \"${PODS_ROOT}/Manifest.lock\" > /dev/null\nif [ $? != 0 ] ; then\n    # print error to STDERR\n    echo \"error: The sandbox is not in sync with the Podfile.lock. Run 'pod install' or update your CocoaPods installation.\" >&2\n    exit 1\nfi\n";
			showEnvVarsInLog = 0;
		};
		9632DBCE8A35A08DDE0F2A3A /* [CP] Embed Pods Frameworks */ = {
			isa = PBXShellScriptBuildPhase;
			buildActionMask = 2147483647;
			files = (
			);
			inputPaths = (
			);
			name = "[CP] Embed Pods Frameworks";
			outputPaths = (
			);
			runOnlyForDeploymentPostprocessing = 0;
			shellPath = /bin/sh;
			shellScript = "\"${SRCROOT}/Pods/Target Support Files/Pods-MultiSelectTestProj/Pods-MultiSelectTestProj-frameworks.sh\"\n";
			showEnvVarsInLog = 0;
		};
		9A232047B252EA32CCEB4E59 /* [CP] Check Pods Manifest.lock */ = {
			isa = PBXShellScriptBuildPhase;
			buildActionMask = 2147483647;
			files = (
			);
			inputPaths = (
			);
			name = "[CP] Check Pods Manifest.lock";
			outputPaths = (
			);
			runOnlyForDeploymentPostprocessing = 0;
			shellPath = /bin/sh;
			shellScript = "diff \"${PODS_ROOT}/../Podfile.lock\" \"${PODS_ROOT}/Manifest.lock\" > /dev/null\nif [ $? != 0 ] ; then\n    # print error to STDERR\n    echo \"error: The sandbox is not in sync with the Podfile.lock. Run 'pod install' or update your CocoaPods installation.\" >&2\n    exit 1\nfi\n";
			showEnvVarsInLog = 0;
		};
/* End PBXShellScriptBuildPhase section */

/* Begin PBXSourcesBuildPhase section */
		55152F081EB14AC6008DC2EB /* Sources */ = {
			isa = PBXSourcesBuildPhase;
			buildActionMask = 2147483647;
			files = (
				55007CA61EB1648F00E9094A /* MultiSelectHeaderDataSource.swift in Sources */,
				5521227C1EC0F37F0026861D /* MultiSelectTableViewController.swift in Sources */,
				5521227E1EC0F3A90026861D /* MultiSelectTableViewDataSource.swift in Sources */,
				55152F351EB14AF8008DC2EB /* MultiSelectCollectionViewCell.swift in Sources */,
				55152F341EB14AF8008DC2EB /* MultiSelectViewController.swift in Sources */,
				55152F361EB14AF8008DC2EB /* MultiSelectHeaderCollectionViewController.swift in Sources */,
				55152F101EB14AC6008DC2EB /* AppDelegate.swift in Sources */,
			);
			runOnlyForDeploymentPostprocessing = 0;
		};
		55152F1C1EB14AC6008DC2EB /* Sources */ = {
			isa = PBXSourcesBuildPhase;
			buildActionMask = 2147483647;
			files = (
				552122781EC0E8640026861D /* MultiSelectSyncronizerTests.swift in Sources */,
				55007CAA1EB27E0600E9094A /* MultiSelectHeaderDataSourceTests.swift in Sources */,
				5520F9451EC0FC380019DA50 /* MultiSelectTableViewDataSourceTests.swift in Sources */,
				5520F9431EC0FC110019DA50 /* MultiSelectTableViewControllerTests.swift in Sources */,
				55152F251EB14AC6008DC2EB /* MultiSelectHeaderCollectionViewControllerTests.swift in Sources */,
			);
			runOnlyForDeploymentPostprocessing = 0;
		};
/* End PBXSourcesBuildPhase section */

/* Begin PBXTargetDependency section */
		55152F221EB14AC6008DC2EB /* PBXTargetDependency */ = {
			isa = PBXTargetDependency;
			target = 55152F0B1EB14AC6008DC2EB /* MultiSelectTestProj */;
			targetProxy = 55152F211EB14AC6008DC2EB /* PBXContainerItemProxy */;
		};
/* End PBXTargetDependency section */

/* Begin PBXVariantGroup section */
		55152F181EB14AC6008DC2EB /* LaunchScreen.storyboard */ = {
			isa = PBXVariantGroup;
			children = (
				55152F191EB14AC6008DC2EB /* Base */,
			);
			name = LaunchScreen.storyboard;
			sourceTree = "<group>";
		};
/* End PBXVariantGroup section */

/* Begin XCBuildConfiguration section */
		55152F271EB14AC6008DC2EB /* Debug */ = {
			isa = XCBuildConfiguration;
			buildSettings = {
				ALWAYS_SEARCH_USER_PATHS = NO;
				CLANG_ANALYZER_NONNULL = YES;
				CLANG_ANALYZER_NUMBER_OBJECT_CONVERSION = YES_AGGRESSIVE;
				CLANG_CXX_LANGUAGE_STANDARD = "gnu++0x";
				CLANG_CXX_LIBRARY = "libc++";
				CLANG_ENABLE_MODULES = YES;
				CLANG_ENABLE_OBJC_ARC = YES;
				CLANG_WARN_BOOL_CONVERSION = YES;
				CLANG_WARN_CONSTANT_CONVERSION = YES;
				CLANG_WARN_DIRECT_OBJC_ISA_USAGE = YES_ERROR;
				CLANG_WARN_DOCUMENTATION_COMMENTS = YES;
				CLANG_WARN_EMPTY_BODY = YES;
				CLANG_WARN_ENUM_CONVERSION = YES;
				CLANG_WARN_INFINITE_RECURSION = YES;
				CLANG_WARN_INT_CONVERSION = YES;
				CLANG_WARN_OBJC_ROOT_CLASS = YES_ERROR;
				CLANG_WARN_SUSPICIOUS_MOVE = YES;
				CLANG_WARN_UNREACHABLE_CODE = YES;
				CLANG_WARN__DUPLICATE_METHOD_MATCH = YES;
				"CODE_SIGN_IDENTITY[sdk=iphoneos*]" = "iPhone Developer";
				COPY_PHASE_STRIP = NO;
				DEBUG_INFORMATION_FORMAT = dwarf;
				ENABLE_STRICT_OBJC_MSGSEND = YES;
				ENABLE_TESTABILITY = YES;
				GCC_C_LANGUAGE_STANDARD = gnu99;
				GCC_DYNAMIC_NO_PIC = NO;
				GCC_NO_COMMON_BLOCKS = YES;
				GCC_OPTIMIZATION_LEVEL = 0;
				GCC_PREPROCESSOR_DEFINITIONS = (
					"DEBUG=1",
					"$(inherited)",
				);
				GCC_WARN_64_TO_32_BIT_CONVERSION = YES;
				GCC_WARN_ABOUT_RETURN_TYPE = YES_ERROR;
				GCC_WARN_UNDECLARED_SELECTOR = YES;
				GCC_WARN_UNINITIALIZED_AUTOS = YES_AGGRESSIVE;
				GCC_WARN_UNUSED_FUNCTION = YES;
				GCC_WARN_UNUSED_VARIABLE = YES;
				IPHONEOS_DEPLOYMENT_TARGET = 10.3;
				MTL_ENABLE_DEBUG_INFO = YES;
				ONLY_ACTIVE_ARCH = YES;
				SDKROOT = iphoneos;
				SWIFT_ACTIVE_COMPILATION_CONDITIONS = DEBUG;
				SWIFT_OPTIMIZATION_LEVEL = "-Onone";
				TARGETED_DEVICE_FAMILY = "1,2";
			};
			name = Debug;
		};
		55152F281EB14AC6008DC2EB /* Release */ = {
			isa = XCBuildConfiguration;
			buildSettings = {
				ALWAYS_SEARCH_USER_PATHS = NO;
				CLANG_ANALYZER_NONNULL = YES;
				CLANG_ANALYZER_NUMBER_OBJECT_CONVERSION = YES_AGGRESSIVE;
				CLANG_CXX_LANGUAGE_STANDARD = "gnu++0x";
				CLANG_CXX_LIBRARY = "libc++";
				CLANG_ENABLE_MODULES = YES;
				CLANG_ENABLE_OBJC_ARC = YES;
				CLANG_WARN_BOOL_CONVERSION = YES;
				CLANG_WARN_CONSTANT_CONVERSION = YES;
				CLANG_WARN_DIRECT_OBJC_ISA_USAGE = YES_ERROR;
				CLANG_WARN_DOCUMENTATION_COMMENTS = YES;
				CLANG_WARN_EMPTY_BODY = YES;
				CLANG_WARN_ENUM_CONVERSION = YES;
				CLANG_WARN_INFINITE_RECURSION = YES;
				CLANG_WARN_INT_CONVERSION = YES;
				CLANG_WARN_OBJC_ROOT_CLASS = YES_ERROR;
				CLANG_WARN_SUSPICIOUS_MOVE = YES;
				CLANG_WARN_UNREACHABLE_CODE = YES;
				CLANG_WARN__DUPLICATE_METHOD_MATCH = YES;
				"CODE_SIGN_IDENTITY[sdk=iphoneos*]" = "iPhone Developer";
				COPY_PHASE_STRIP = NO;
				DEBUG_INFORMATION_FORMAT = "dwarf-with-dsym";
				ENABLE_NS_ASSERTIONS = NO;
				ENABLE_STRICT_OBJC_MSGSEND = YES;
				GCC_C_LANGUAGE_STANDARD = gnu99;
				GCC_NO_COMMON_BLOCKS = YES;
				GCC_WARN_64_TO_32_BIT_CONVERSION = YES;
				GCC_WARN_ABOUT_RETURN_TYPE = YES_ERROR;
				GCC_WARN_UNDECLARED_SELECTOR = YES;
				GCC_WARN_UNINITIALIZED_AUTOS = YES_AGGRESSIVE;
				GCC_WARN_UNUSED_FUNCTION = YES;
				GCC_WARN_UNUSED_VARIABLE = YES;
				IPHONEOS_DEPLOYMENT_TARGET = 10.3;
				MTL_ENABLE_DEBUG_INFO = NO;
				SDKROOT = iphoneos;
				SWIFT_OPTIMIZATION_LEVEL = "-Owholemodule";
				TARGETED_DEVICE_FAMILY = "1,2";
				VALIDATE_PRODUCT = YES;
			};
			name = Release;
		};
		55152F2A1EB14AC6008DC2EB /* Debug */ = {
			isa = XCBuildConfiguration;
			baseConfigurationReference = D39BCCAC77A33A477CF9B348 /* Pods-MultiSelectTestProj.debug.xcconfig */;
			buildSettings = {
				ASSETCATALOG_COMPILER_APPICON_NAME = AppIcon;
				DEVELOPMENT_TEAM = TLMKWQ9Y35;
				INFOPLIST_FILE = MultiSelectTestProj/Info.plist;
				LD_RUNPATH_SEARCH_PATHS = "$(inherited) @executable_path/Frameworks";
				PRODUCT_BUNDLE_IDENTIFIER = DrBill.MultiSelectTestProj;
				PRODUCT_NAME = "$(TARGET_NAME)";
				SWIFT_VERSION = 3.0;
			};
			name = Debug;
		};
		55152F2B1EB14AC6008DC2EB /* Release */ = {
			isa = XCBuildConfiguration;
			baseConfigurationReference = 0DC6FB494BEBAC74B667FFE0 /* Pods-MultiSelectTestProj.release.xcconfig */;
			buildSettings = {
				ASSETCATALOG_COMPILER_APPICON_NAME = AppIcon;
				DEVELOPMENT_TEAM = TLMKWQ9Y35;
				INFOPLIST_FILE = MultiSelectTestProj/Info.plist;
				LD_RUNPATH_SEARCH_PATHS = "$(inherited) @executable_path/Frameworks";
				PRODUCT_BUNDLE_IDENTIFIER = DrBill.MultiSelectTestProj;
				PRODUCT_NAME = "$(TARGET_NAME)";
				SWIFT_VERSION = 3.0;
			};
			name = Release;
		};
		55152F2D1EB14AC6008DC2EB /* Debug */ = {
			isa = XCBuildConfiguration;
			baseConfigurationReference = AD579C8F9AB3784FAFBC64BB /* Pods-MultiSelectTestProjTests.debug.xcconfig */;
			buildSettings = {
				ALWAYS_EMBED_SWIFT_STANDARD_LIBRARIES = "$(inherited)";
				BUNDLE_LOADER = "$(TEST_HOST)";
				DEVELOPMENT_TEAM = TLMKWQ9Y35;
				INFOPLIST_FILE = MultiSelectTestProjTests/Info.plist;
				LD_RUNPATH_SEARCH_PATHS = "$(inherited) @executable_path/Frameworks @loader_path/Frameworks";
				PRODUCT_BUNDLE_IDENTIFIER = DrBill.MultiSelectTestProjTests;
				PRODUCT_NAME = "$(TARGET_NAME)";
				SWIFT_VERSION = 3.0;
				TEST_HOST = "$(BUILT_PRODUCTS_DIR)/MultiSelectTestProj.app/MultiSelectTestProj";
			};
			name = Debug;
		};
		55152F2E1EB14AC6008DC2EB /* Release */ = {
			isa = XCBuildConfiguration;
			baseConfigurationReference = 1FB6D27786F127FE20E5D02D /* Pods-MultiSelectTestProjTests.release.xcconfig */;
			buildSettings = {
				ALWAYS_EMBED_SWIFT_STANDARD_LIBRARIES = "$(inherited)";
				BUNDLE_LOADER = "$(TEST_HOST)";
				DEVELOPMENT_TEAM = TLMKWQ9Y35;
				INFOPLIST_FILE = MultiSelectTestProjTests/Info.plist;
				LD_RUNPATH_SEARCH_PATHS = "$(inherited) @executable_path/Frameworks @loader_path/Frameworks";
				PRODUCT_BUNDLE_IDENTIFIER = DrBill.MultiSelectTestProjTests;
				PRODUCT_NAME = "$(TARGET_NAME)";
				SWIFT_VERSION = 3.0;
				TEST_HOST = "$(BUILT_PRODUCTS_DIR)/MultiSelectTestProj.app/MultiSelectTestProj";
			};
			name = Release;
		};
/* End XCBuildConfiguration section */

/* Begin XCConfigurationList section */
		55152F071EB14AC6008DC2EB /* Build configuration list for PBXProject "MultiSelectTestProj" */ = {
			isa = XCConfigurationList;
			buildConfigurations = (
				55152F271EB14AC6008DC2EB /* Debug */,
				55152F281EB14AC6008DC2EB /* Release */,
			);
			defaultConfigurationIsVisible = 0;
			defaultConfigurationName = Release;
		};
		55152F291EB14AC6008DC2EB /* Build configuration list for PBXNativeTarget "MultiSelectTestProj" */ = {
			isa = XCConfigurationList;
			buildConfigurations = (
				55152F2A1EB14AC6008DC2EB /* Debug */,
				55152F2B1EB14AC6008DC2EB /* Release */,
			);
			defaultConfigurationIsVisible = 0;
			defaultConfigurationName = Release;
		};
		55152F2C1EB14AC6008DC2EB /* Build configuration list for PBXNativeTarget "MultiSelectTestProjTests" */ = {
			isa = XCConfigurationList;
			buildConfigurations = (
				55152F2D1EB14AC6008DC2EB /* Debug */,
				55152F2E1EB14AC6008DC2EB /* Release */,
			);
			defaultConfigurationIsVisible = 0;
			defaultConfigurationName = Release;
		};
/* End XCConfigurationList section */
	};
	rootObject = 55152F041EB14AC6008DC2EB /* Project object */;
}
